// !$*UTF8*$!
{
	archiveVersion = 1;
	classes = {
	};
	objectVersion = 56;
	objects = {

/* Begin PBXBuildFile section */
		12046C6C2B5BE99E00A7CC9C /* RoboflowYolo.swift in Sources */ = {isa = PBXBuildFile; fileRef = 12046C6B2B5BE99D00A7CC9C /* RoboflowYolo.swift */; };
		121BEDB12B53025C00CAF7EE /* RecipeDetailView.swift in Sources */ = {isa = PBXBuildFile; fileRef = 121BEDB02B53025C00CAF7EE /* RecipeDetailView.swift */; };
		121BEDB32B5310F500CAF7EE /* LoadingView.swift in Sources */ = {isa = PBXBuildFile; fileRef = 121BEDB22B5310F500CAF7EE /* LoadingView.swift */; };
		123551E62B5934B100400521 /* IngredientListViewModel.swift in Sources */ = {isa = PBXBuildFile; fileRef = 123551E52B5934B100400521 /* IngredientListViewModel.swift */; };
		123551E82B59353000400521 /* Ingredient.swift in Sources */ = {isa = PBXBuildFile; fileRef = 123551E72B59353000400521 /* Ingredient.swift */; };
		123551EA2B593B7100400521 /* IngredientViewCell.swift in Sources */ = {isa = PBXBuildFile; fileRef = 123551E92B593B7100400521 /* IngredientViewCell.swift */; };
		123551EC2B59405300400521 /* IngredientListSheetView.swift in Sources */ = {isa = PBXBuildFile; fileRef = 123551EB2B59405300400521 /* IngredientListSheetView.swift */; };
		123959642B4BD96900B48AF3 /* Nourri_iOSApp.swift in Sources */ = {isa = PBXBuildFile; fileRef = 123959632B4BD96900B48AF3 /* Nourri_iOSApp.swift */; };
		123959662B4BD96900B48AF3 /* ContentView.swift in Sources */ = {isa = PBXBuildFile; fileRef = 123959652B4BD96900B48AF3 /* ContentView.swift */; };
		123959682B4BD96B00B48AF3 /* Assets.xcassets in Resources */ = {isa = PBXBuildFile; fileRef = 123959672B4BD96B00B48AF3 /* Assets.xcassets */; };
		1239596B2B4BD96B00B48AF3 /* Preview Assets.xcassets in Resources */ = {isa = PBXBuildFile; fileRef = 1239596A2B4BD96B00B48AF3 /* Preview Assets.xcassets */; };
		123959752B4BD96B00B48AF3 /* Nourri_iOSTests.swift in Sources */ = {isa = PBXBuildFile; fileRef = 123959742B4BD96B00B48AF3 /* Nourri_iOSTests.swift */; };
		1239597F2B4BD96B00B48AF3 /* Nourri_iOSUITests.swift in Sources */ = {isa = PBXBuildFile; fileRef = 1239597E2B4BD96B00B48AF3 /* Nourri_iOSUITests.swift */; };
		123959812B4BD96B00B48AF3 /* Nourri_iOSUITestsLaunchTests.swift in Sources */ = {isa = PBXBuildFile; fileRef = 123959802B4BD96B00B48AF3 /* Nourri_iOSUITestsLaunchTests.swift */; };
		1239598F2B4BDA3900B48AF3 /* HomeView.swift in Sources */ = {isa = PBXBuildFile; fileRef = 1239598E2B4BDA3900B48AF3 /* HomeView.swift */; };
		123959912B4BDAA900B48AF3 /* RecipeView.swift in Sources */ = {isa = PBXBuildFile; fileRef = 123959902B4BDAA900B48AF3 /* RecipeView.swift */; };
		123959932B4BDAB500B48AF3 /* AboutView.swift in Sources */ = {isa = PBXBuildFile; fileRef = 123959922B4BDAB500B48AF3 /* AboutView.swift */; };
		123959962B4BE20900B48AF3 /* CUIKit.swift in Sources */ = {isa = PBXBuildFile; fileRef = 123959952B4BE20900B48AF3 /* CUIKit.swift */; };
		12FB60792B52491E002639E8 /* Recipe.swift in Sources */ = {isa = PBXBuildFile; fileRef = 12FB60782B52491E002639E8 /* Recipe.swift */; };
		12FB607C2B524A3F002639E8 /* RecipeListViewModel.swift in Sources */ = {isa = PBXBuildFile; fileRef = 12FB607B2B524A3F002639E8 /* RecipeListViewModel.swift */; };
		12FB60852B52F1B4002639E8 /* RecipeViewCell.swift in Sources */ = {isa = PBXBuildFile; fileRef = 12FB60842B52F1B4002639E8 /* RecipeViewCell.swift */; };
		12FB60872B52F706002639E8 /* FloatingActionButton.swift in Sources */ = {isa = PBXBuildFile; fileRef = 12FB60862B52F706002639E8 /* FloatingActionButton.swift */; };
/* End PBXBuildFile section */

/* Begin PBXContainerItemProxy section */
		123959712B4BD96B00B48AF3 /* PBXContainerItemProxy */ = {
			isa = PBXContainerItemProxy;
			containerPortal = 123959582B4BD96900B48AF3 /* Project object */;
			proxyType = 1;
			remoteGlobalIDString = 1239595F2B4BD96900B48AF3;
			remoteInfo = Nourri_iOS;
		};
		1239597B2B4BD96B00B48AF3 /* PBXContainerItemProxy */ = {
			isa = PBXContainerItemProxy;
			containerPortal = 123959582B4BD96900B48AF3 /* Project object */;
			proxyType = 1;
			remoteGlobalIDString = 1239595F2B4BD96900B48AF3;
			remoteInfo = Nourri_iOS;
		};
/* End PBXContainerItemProxy section */

/* Begin PBXFileReference section */
		12046C6B2B5BE99D00A7CC9C /* RoboflowYolo.swift */ = {isa = PBXFileReference; lastKnownFileType = sourcecode.swift; path = RoboflowYolo.swift; sourceTree = "<group>"; };
		121BEDB02B53025C00CAF7EE /* RecipeDetailView.swift */ = {isa = PBXFileReference; lastKnownFileType = sourcecode.swift; path = RecipeDetailView.swift; sourceTree = "<group>"; };
		121BEDB22B5310F500CAF7EE /* LoadingView.swift */ = {isa = PBXFileReference; lastKnownFileType = sourcecode.swift; path = LoadingView.swift; sourceTree = "<group>"; };
		123551E52B5934B100400521 /* IngredientListViewModel.swift */ = {isa = PBXFileReference; lastKnownFileType = sourcecode.swift; path = IngredientListViewModel.swift; sourceTree = "<group>"; };
		123551E72B59353000400521 /* Ingredient.swift */ = {isa = PBXFileReference; lastKnownFileType = sourcecode.swift; path = Ingredient.swift; sourceTree = "<group>"; };
		123551E92B593B7100400521 /* IngredientViewCell.swift */ = {isa = PBXFileReference; lastKnownFileType = sourcecode.swift; path = IngredientViewCell.swift; sourceTree = "<group>"; };
		123551EB2B59405300400521 /* IngredientListSheetView.swift */ = {isa = PBXFileReference; lastKnownFileType = sourcecode.swift; path = IngredientListSheetView.swift; sourceTree = "<group>"; };
		123959602B4BD96900B48AF3 /* Nourri_iOS.app */ = {isa = PBXFileReference; explicitFileType = wrapper.application; includeInIndex = 0; path = Nourri_iOS.app; sourceTree = BUILT_PRODUCTS_DIR; };
		123959632B4BD96900B48AF3 /* Nourri_iOSApp.swift */ = {isa = PBXFileReference; lastKnownFileType = sourcecode.swift; path = Nourri_iOSApp.swift; sourceTree = "<group>"; };
		123959652B4BD96900B48AF3 /* ContentView.swift */ = {isa = PBXFileReference; lastKnownFileType = sourcecode.swift; path = ContentView.swift; sourceTree = "<group>"; };
		123959672B4BD96B00B48AF3 /* Assets.xcassets */ = {isa = PBXFileReference; lastKnownFileType = folder.assetcatalog; path = Assets.xcassets; sourceTree = "<group>"; };
		1239596A2B4BD96B00B48AF3 /* Preview Assets.xcassets */ = {isa = PBXFileReference; lastKnownFileType = folder.assetcatalog; path = "Preview Assets.xcassets"; sourceTree = "<group>"; };
		123959702B4BD96B00B48AF3 /* Nourri_iOSTests.xctest */ = {isa = PBXFileReference; explicitFileType = wrapper.cfbundle; includeInIndex = 0; path = Nourri_iOSTests.xctest; sourceTree = BUILT_PRODUCTS_DIR; };
		123959742B4BD96B00B48AF3 /* Nourri_iOSTests.swift */ = {isa = PBXFileReference; lastKnownFileType = sourcecode.swift; path = Nourri_iOSTests.swift; sourceTree = "<group>"; };
		1239597A2B4BD96B00B48AF3 /* Nourri_iOSUITests.xctest */ = {isa = PBXFileReference; explicitFileType = wrapper.cfbundle; includeInIndex = 0; path = Nourri_iOSUITests.xctest; sourceTree = BUILT_PRODUCTS_DIR; };
		1239597E2B4BD96B00B48AF3 /* Nourri_iOSUITests.swift */ = {isa = PBXFileReference; lastKnownFileType = sourcecode.swift; path = Nourri_iOSUITests.swift; sourceTree = "<group>"; };
		123959802B4BD96B00B48AF3 /* Nourri_iOSUITestsLaunchTests.swift */ = {isa = PBXFileReference; lastKnownFileType = sourcecode.swift; path = Nourri_iOSUITestsLaunchTests.swift; sourceTree = "<group>"; };
		1239598E2B4BDA3900B48AF3 /* HomeView.swift */ = {isa = PBXFileReference; lastKnownFileType = sourcecode.swift; path = HomeView.swift; sourceTree = "<group>"; };
		123959902B4BDAA900B48AF3 /* RecipeView.swift */ = {isa = PBXFileReference; lastKnownFileType = sourcecode.swift; path = RecipeView.swift; sourceTree = "<group>"; };
		123959922B4BDAB500B48AF3 /* AboutView.swift */ = {isa = PBXFileReference; lastKnownFileType = sourcecode.swift; path = AboutView.swift; sourceTree = "<group>"; };
		123959952B4BE20900B48AF3 /* CUIKit.swift */ = {isa = PBXFileReference; lastKnownFileType = sourcecode.swift; path = CUIKit.swift; sourceTree = "<group>"; };
		12FB60782B52491E002639E8 /* Recipe.swift */ = {isa = PBXFileReference; lastKnownFileType = sourcecode.swift; path = Recipe.swift; sourceTree = "<group>"; };
		12FB607B2B524A3F002639E8 /* RecipeListViewModel.swift */ = {isa = PBXFileReference; lastKnownFileType = sourcecode.swift; path = RecipeListViewModel.swift; sourceTree = "<group>"; };
		12FB60802B52646B002639E8 /* Nourri-iOS-Info.plist */ = {isa = PBXFileReference; lastKnownFileType = text.plist; path = "Nourri-iOS-Info.plist"; sourceTree = SOURCE_ROOT; };
		12FB60842B52F1B4002639E8 /* RecipeViewCell.swift */ = {isa = PBXFileReference; lastKnownFileType = sourcecode.swift; path = RecipeViewCell.swift; sourceTree = "<group>"; };
		12FB60862B52F706002639E8 /* FloatingActionButton.swift */ = {isa = PBXFileReference; lastKnownFileType = sourcecode.swift; path = FloatingActionButton.swift; sourceTree = "<group>"; };
/* End PBXFileReference section */

/* Begin PBXFrameworksBuildPhase section */
		1239595D2B4BD96900B48AF3 /* Frameworks */ = {
			isa = PBXFrameworksBuildPhase;
			buildActionMask = 2147483647;
			files = (
			);
			runOnlyForDeploymentPostprocessing = 0;
		};
		1239596D2B4BD96B00B48AF3 /* Frameworks */ = {
			isa = PBXFrameworksBuildPhase;
			buildActionMask = 2147483647;
			files = (
			);
			runOnlyForDeploymentPostprocessing = 0;
		};
		123959772B4BD96B00B48AF3 /* Frameworks */ = {
			isa = PBXFrameworksBuildPhase;
			buildActionMask = 2147483647;
			files = (
			);
			runOnlyForDeploymentPostprocessing = 0;
		};
/* End PBXFrameworksBuildPhase section */

/* Begin PBXGroup section */
		123959572B4BD96900B48AF3 = {
			isa = PBXGroup;
			children = (
				123959622B4BD96900B48AF3 /* Nourri_iOS */,
				123959732B4BD96B00B48AF3 /* Nourri_iOSTests */,
				1239597D2B4BD96B00B48AF3 /* Nourri_iOSUITests */,
				123959612B4BD96900B48AF3 /* Products */,
			);
			sourceTree = "<group>";
		};
		123959612B4BD96900B48AF3 /* Products */ = {
			isa = PBXGroup;
			children = (
				123959602B4BD96900B48AF3 /* Nourri_iOS.app */,
				123959702B4BD96B00B48AF3 /* Nourri_iOSTests.xctest */,
				1239597A2B4BD96B00B48AF3 /* Nourri_iOSUITests.xctest */,
			);
			name = Products;
			sourceTree = "<group>";
		};
		123959622B4BD96900B48AF3 /* Nourri_iOS */ = {
			isa = PBXGroup;
			children = (
				12FB60802B52646B002639E8 /* Nourri-iOS-Info.plist */,
				12FB60772B52490A002639E8 /* Model */,
				123959942B4BE1E700B48AF3 /* CustomKit */,
				1239598D2B4BDA2300B48AF3 /* Views */,
				123959632B4BD96900B48AF3 /* Nourri_iOSApp.swift */,
				123959672B4BD96B00B48AF3 /* Assets.xcassets */,
				123959692B4BD96B00B48AF3 /* Preview Content */,
			);
			path = Nourri_iOS;
			sourceTree = "<group>";
		};
		123959692B4BD96B00B48AF3 /* Preview Content */ = {
			isa = PBXGroup;
			children = (
				1239596A2B4BD96B00B48AF3 /* Preview Assets.xcassets */,
			);
			path = "Preview Content";
			sourceTree = "<group>";
		};
		123959732B4BD96B00B48AF3 /* Nourri_iOSTests */ = {
			isa = PBXGroup;
			children = (
				123959742B4BD96B00B48AF3 /* Nourri_iOSTests.swift */,
			);
			path = Nourri_iOSTests;
			sourceTree = "<group>";
		};
		1239597D2B4BD96B00B48AF3 /* Nourri_iOSUITests */ = {
			isa = PBXGroup;
			children = (
				1239597E2B4BD96B00B48AF3 /* Nourri_iOSUITests.swift */,
				123959802B4BD96B00B48AF3 /* Nourri_iOSUITestsLaunchTests.swift */,
			);
			path = Nourri_iOSUITests;
			sourceTree = "<group>";
		};
		1239598D2B4BDA2300B48AF3 /* Views */ = {
			isa = PBXGroup;
			children = (
				12FB60832B52F19C002639E8 /* ViewCells */,
				12FB607A2B524A28002639E8 /* ViewModels */,
				123959652B4BD96900B48AF3 /* ContentView.swift */,
				1239598E2B4BDA3900B48AF3 /* HomeView.swift */,
				123959902B4BDAA900B48AF3 /* RecipeView.swift */,
				123959922B4BDAB500B48AF3 /* AboutView.swift */,
				121BEDB02B53025C00CAF7EE /* RecipeDetailView.swift */,
				121BEDB22B5310F500CAF7EE /* LoadingView.swift */,
				123551EB2B59405300400521 /* IngredientListSheetView.swift */,
			);
			path = Views;
			sourceTree = "<group>";
		};
		123959942B4BE1E700B48AF3 /* CustomKit */ = {
			isa = PBXGroup;
			children = (
				123959952B4BE20900B48AF3 /* CUIKit.swift */,
				12FB60862B52F706002639E8 /* FloatingActionButton.swift */,
				12046C6B2B5BE99D00A7CC9C /* RoboflowYolo.swift */,
			);
			path = CustomKit;
			sourceTree = "<group>";
		};
		12FB60772B52490A002639E8 /* Model */ = {
			isa = PBXGroup;
			children = (
				12FB60782B52491E002639E8 /* Recipe.swift */,
				123551E72B59353000400521 /* Ingredient.swift */,
			);
			path = Model;
			sourceTree = "<group>";
		};
		12FB607A2B524A28002639E8 /* ViewModels */ = {
			isa = PBXGroup;
			children = (
				12FB607B2B524A3F002639E8 /* RecipeListViewModel.swift */,
				123551E52B5934B100400521 /* IngredientListViewModel.swift */,
			);
			path = ViewModels;
			sourceTree = "<group>";
		};
		12FB60832B52F19C002639E8 /* ViewCells */ = {
			isa = PBXGroup;
			children = (
				12FB60842B52F1B4002639E8 /* RecipeViewCell.swift */,
				123551E92B593B7100400521 /* IngredientViewCell.swift */,
			);
			path = ViewCells;
			sourceTree = "<group>";
		};
/* End PBXGroup section */

/* Begin PBXNativeTarget section */
		1239595F2B4BD96900B48AF3 /* Nourri_iOS */ = {
			isa = PBXNativeTarget;
			buildConfigurationList = 123959842B4BD96B00B48AF3 /* Build configuration list for PBXNativeTarget "Nourri_iOS" */;
			buildPhases = (
				1239595C2B4BD96900B48AF3 /* Sources */,
				1239595D2B4BD96900B48AF3 /* Frameworks */,
				1239595E2B4BD96900B48AF3 /* Resources */,
			);
			buildRules = (
			);
			dependencies = (
			);
			name = Nourri_iOS;
			productName = Nourri_iOS;
			productReference = 123959602B4BD96900B48AF3 /* Nourri_iOS.app */;
			productType = "com.apple.product-type.application";
		};
		1239596F2B4BD96B00B48AF3 /* Nourri_iOSTests */ = {
			isa = PBXNativeTarget;
			buildConfigurationList = 123959872B4BD96B00B48AF3 /* Build configuration list for PBXNativeTarget "Nourri_iOSTests" */;
			buildPhases = (
				1239596C2B4BD96B00B48AF3 /* Sources */,
				1239596D2B4BD96B00B48AF3 /* Frameworks */,
				1239596E2B4BD96B00B48AF3 /* Resources */,
			);
			buildRules = (
			);
			dependencies = (
				123959722B4BD96B00B48AF3 /* PBXTargetDependency */,
			);
			name = Nourri_iOSTests;
			productName = Nourri_iOSTests;
			productReference = 123959702B4BD96B00B48AF3 /* Nourri_iOSTests.xctest */;
			productType = "com.apple.product-type.bundle.unit-test";
		};
		123959792B4BD96B00B48AF3 /* Nourri_iOSUITests */ = {
			isa = PBXNativeTarget;
			buildConfigurationList = 1239598A2B4BD96B00B48AF3 /* Build configuration list for PBXNativeTarget "Nourri_iOSUITests" */;
			buildPhases = (
				123959762B4BD96B00B48AF3 /* Sources */,
				123959772B4BD96B00B48AF3 /* Frameworks */,
				123959782B4BD96B00B48AF3 /* Resources */,
			);
			buildRules = (
			);
			dependencies = (
				1239597C2B4BD96B00B48AF3 /* PBXTargetDependency */,
			);
			name = Nourri_iOSUITests;
			productName = Nourri_iOSUITests;
			productReference = 1239597A2B4BD96B00B48AF3 /* Nourri_iOSUITests.xctest */;
			productType = "com.apple.product-type.bundle.ui-testing";
		};
/* End PBXNativeTarget section */

/* Begin PBXProject section */
		123959582B4BD96900B48AF3 /* Project object */ = {
			isa = PBXProject;
			attributes = {
				BuildIndependentTargetsInParallel = 1;
				LastSwiftUpdateCheck = 1510;
				LastUpgradeCheck = 1510;
				TargetAttributes = {
					1239595F2B4BD96900B48AF3 = {
						CreatedOnToolsVersion = 15.1;
					};
					1239596F2B4BD96B00B48AF3 = {
						CreatedOnToolsVersion = 15.1;
						TestTargetID = 1239595F2B4BD96900B48AF3;
					};
					123959792B4BD96B00B48AF3 = {
						CreatedOnToolsVersion = 15.1;
						TestTargetID = 1239595F2B4BD96900B48AF3;
					};
				};
			};
			buildConfigurationList = 1239595B2B4BD96900B48AF3 /* Build configuration list for PBXProject "Nourri_iOS" */;
			compatibilityVersion = "Xcode 14.0";
			developmentRegion = en;
			hasScannedForEncodings = 0;
			knownRegions = (
				en,
				Base,
			);
			mainGroup = 123959572B4BD96900B48AF3;
			productRefGroup = 123959612B4BD96900B48AF3 /* Products */;
			projectDirPath = "";
			projectRoot = "";
			targets = (
				1239595F2B4BD96900B48AF3 /* Nourri_iOS */,
				1239596F2B4BD96B00B48AF3 /* Nourri_iOSTests */,
				123959792B4BD96B00B48AF3 /* Nourri_iOSUITests */,
			);
		};
/* End PBXProject section */

/* Begin PBXResourcesBuildPhase section */
		1239595E2B4BD96900B48AF3 /* Resources */ = {
			isa = PBXResourcesBuildPhase;
			buildActionMask = 2147483647;
			files = (
				1239596B2B4BD96B00B48AF3 /* Preview Assets.xcassets in Resources */,
				123959682B4BD96B00B48AF3 /* Assets.xcassets in Resources */,
			);
			runOnlyForDeploymentPostprocessing = 0;
		};
		1239596E2B4BD96B00B48AF3 /* Resources */ = {
			isa = PBXResourcesBuildPhase;
			buildActionMask = 2147483647;
			files = (
			);
			runOnlyForDeploymentPostprocessing = 0;
		};
		123959782B4BD96B00B48AF3 /* Resources */ = {
			isa = PBXResourcesBuildPhase;
			buildActionMask = 2147483647;
			files = (
			);
			runOnlyForDeploymentPostprocessing = 0;
		};
/* End PBXResourcesBuildPhase section */

/* Begin PBXSourcesBuildPhase section */
		1239595C2B4BD96900B48AF3 /* Sources */ = {
			isa = PBXSourcesBuildPhase;
			buildActionMask = 2147483647;
			files = (
				12FB60852B52F1B4002639E8 /* RecipeViewCell.swift in Sources */,
				123551EC2B59405300400521 /* IngredientListSheetView.swift in Sources */,
				1239598F2B4BDA3900B48AF3 /* HomeView.swift in Sources */,
				123551EA2B593B7100400521 /* IngredientViewCell.swift in Sources */,
				123551E82B59353000400521 /* Ingredient.swift in Sources */,
				123551E62B5934B100400521 /* IngredientListViewModel.swift in Sources */,
				123959662B4BD96900B48AF3 /* ContentView.swift in Sources */,
				12FB60792B52491E002639E8 /* Recipe.swift in Sources */,
				123959912B4BDAA900B48AF3 /* RecipeView.swift in Sources */,
				121BEDB32B5310F500CAF7EE /* LoadingView.swift in Sources */,
				12FB607C2B524A3F002639E8 /* RecipeListViewModel.swift in Sources */,
				123959642B4BD96900B48AF3 /* Nourri_iOSApp.swift in Sources */,
				12046C6C2B5BE99E00A7CC9C /* RoboflowYolo.swift in Sources */,
				121BEDB12B53025C00CAF7EE /* RecipeDetailView.swift in Sources */,
				123959962B4BE20900B48AF3 /* CUIKit.swift in Sources */,
				12FB60872B52F706002639E8 /* FloatingActionButton.swift in Sources */,
				123959932B4BDAB500B48AF3 /* AboutView.swift in Sources */,
			);
			runOnlyForDeploymentPostprocessing = 0;
		};
		1239596C2B4BD96B00B48AF3 /* Sources */ = {
			isa = PBXSourcesBuildPhase;
			buildActionMask = 2147483647;
			files = (
				123959752B4BD96B00B48AF3 /* Nourri_iOSTests.swift in Sources */,
			);
			runOnlyForDeploymentPostprocessing = 0;
		};
		123959762B4BD96B00B48AF3 /* Sources */ = {
			isa = PBXSourcesBuildPhase;
			buildActionMask = 2147483647;
			files = (
				1239597F2B4BD96B00B48AF3 /* Nourri_iOSUITests.swift in Sources */,
				123959812B4BD96B00B48AF3 /* Nourri_iOSUITestsLaunchTests.swift in Sources */,
			);
			runOnlyForDeploymentPostprocessing = 0;
		};
/* End PBXSourcesBuildPhase section */

/* Begin PBXTargetDependency section */
		123959722B4BD96B00B48AF3 /* PBXTargetDependency */ = {
			isa = PBXTargetDependency;
			target = 1239595F2B4BD96900B48AF3 /* Nourri_iOS */;
			targetProxy = 123959712B4BD96B00B48AF3 /* PBXContainerItemProxy */;
		};
		1239597C2B4BD96B00B48AF3 /* PBXTargetDependency */ = {
			isa = PBXTargetDependency;
			target = 1239595F2B4BD96900B48AF3 /* Nourri_iOS */;
			targetProxy = 1239597B2B4BD96B00B48AF3 /* PBXContainerItemProxy */;
		};
/* End PBXTargetDependency section */

/* Begin XCBuildConfiguration section */
		123959822B4BD96B00B48AF3 /* Debug */ = {
			isa = XCBuildConfiguration;
			buildSettings = {
				AI_API_KEY = gjeimk0O8olVp9XNJqi9;
				AI_MODEL_ENDPOINT = "food-ingredients-detection-nxe34/3";
				ALWAYS_SEARCH_USER_PATHS = NO;
				API_URL = "https://nourri-backend.vercel.app";
				ASSETCATALOG_COMPILER_GENERATE_SWIFT_ASSET_SYMBOL_EXTENSIONS = YES;
				CLANG_ANALYZER_NONNULL = YES;
				CLANG_ANALYZER_NUMBER_OBJECT_CONVERSION = YES_AGGRESSIVE;
				CLANG_CXX_LANGUAGE_STANDARD = "gnu++20";
				CLANG_ENABLE_MODULES = YES;
				CLANG_ENABLE_OBJC_ARC = YES;
				CLANG_ENABLE_OBJC_WEAK = YES;
				CLANG_WARN_BLOCK_CAPTURE_AUTORELEASING = YES;
				CLANG_WARN_BOOL_CONVERSION = YES;
				CLANG_WARN_COMMA = YES;
				CLANG_WARN_CONSTANT_CONVERSION = YES;
				CLANG_WARN_DEPRECATED_OBJC_IMPLEMENTATIONS = YES;
				CLANG_WARN_DIRECT_OBJC_ISA_USAGE = YES_ERROR;
				CLANG_WARN_DOCUMENTATION_COMMENTS = YES;
				CLANG_WARN_EMPTY_BODY = YES;
				CLANG_WARN_ENUM_CONVERSION = YES;
				CLANG_WARN_INFINITE_RECURSION = YES;
				CLANG_WARN_INT_CONVERSION = YES;
				CLANG_WARN_NON_LITERAL_NULL_CONVERSION = YES;
				CLANG_WARN_OBJC_IMPLICIT_RETAIN_SELF = YES;
				CLANG_WARN_OBJC_LITERAL_CONVERSION = YES;
				CLANG_WARN_OBJC_ROOT_CLASS = YES_ERROR;
				CLANG_WARN_QUOTED_INCLUDE_IN_FRAMEWORK_HEADER = YES;
				CLANG_WARN_RANGE_LOOP_ANALYSIS = YES;
				CLANG_WARN_STRICT_PROTOTYPES = YES;
				CLANG_WARN_SUSPICIOUS_MOVE = YES;
				CLANG_WARN_UNGUARDED_AVAILABILITY = YES_AGGRESSIVE;
				CLANG_WARN_UNREACHABLE_CODE = YES;
				CLANG_WARN__DUPLICATE_METHOD_MATCH = YES;
				COPY_PHASE_STRIP = NO;
				DEBUG_INFORMATION_FORMAT = dwarf;
				ENABLE_STRICT_OBJC_MSGSEND = YES;
				ENABLE_TESTABILITY = YES;
				ENABLE_USER_SCRIPT_SANDBOXING = YES;
				GCC_C_LANGUAGE_STANDARD = gnu17;
				GCC_DYNAMIC_NO_PIC = NO;
				GCC_NO_COMMON_BLOCKS = YES;
				GCC_OPTIMIZATION_LEVEL = 0;
				GCC_PREPROCESSOR_DEFINITIONS = (
					"DEBUG=1",
					"$(inherited)",
				);
				GCC_WARN_64_TO_32_BIT_CONVERSION = YES;
				GCC_WARN_ABOUT_RETURN_TYPE = YES_ERROR;
				GCC_WARN_UNDECLARED_SELECTOR = YES;
				GCC_WARN_UNINITIALIZED_AUTOS = YES_AGGRESSIVE;
				GCC_WARN_UNUSED_FUNCTION = YES;
				GCC_WARN_UNUSED_VARIABLE = YES;
				IPHONEOS_DEPLOYMENT_TARGET = 17.2;
				LOCALIZATION_PREFERS_STRING_CATALOGS = YES;
				MTL_ENABLE_DEBUG_INFO = INCLUDE_SOURCE;
				MTL_FAST_MATH = YES;
				ONLY_ACTIVE_ARCH = YES;
				SDKROOT = iphoneos;
				SWIFT_ACTIVE_COMPILATION_CONDITIONS = "DEBUG $(inherited)";
				SWIFT_OPTIMIZATION_LEVEL = "-Onone";
			};
			name = Debug;
		};
		123959832B4BD96B00B48AF3 /* Release */ = {
			isa = XCBuildConfiguration;
			buildSettings = {
				AI_API_KEY = gjeimk0O8olVp9XNJqi9;
				AI_MODEL_ENDPOINT = "food-ingredients-detection-nxe34/3";
				ALWAYS_SEARCH_USER_PATHS = NO;
				API_URL = "https://nourri-backend.vercel.app";
				ASSETCATALOG_COMPILER_GENERATE_SWIFT_ASSET_SYMBOL_EXTENSIONS = YES;
				CLANG_ANALYZER_NONNULL = YES;
				CLANG_ANALYZER_NUMBER_OBJECT_CONVERSION = YES_AGGRESSIVE;
				CLANG_CXX_LANGUAGE_STANDARD = "gnu++20";
				CLANG_ENABLE_MODULES = YES;
				CLANG_ENABLE_OBJC_ARC = YES;
				CLANG_ENABLE_OBJC_WEAK = YES;
				CLANG_WARN_BLOCK_CAPTURE_AUTORELEASING = YES;
				CLANG_WARN_BOOL_CONVERSION = YES;
				CLANG_WARN_COMMA = YES;
				CLANG_WARN_CONSTANT_CONVERSION = YES;
				CLANG_WARN_DEPRECATED_OBJC_IMPLEMENTATIONS = YES;
				CLANG_WARN_DIRECT_OBJC_ISA_USAGE = YES_ERROR;
				CLANG_WARN_DOCUMENTATION_COMMENTS = YES;
				CLANG_WARN_EMPTY_BODY = YES;
				CLANG_WARN_ENUM_CONVERSION = YES;
				CLANG_WARN_INFINITE_RECURSION = YES;
				CLANG_WARN_INT_CONVERSION = YES;
				CLANG_WARN_NON_LITERAL_NULL_CONVERSION = YES;
				CLANG_WARN_OBJC_IMPLICIT_RETAIN_SELF = YES;
				CLANG_WARN_OBJC_LITERAL_CONVERSION = YES;
				CLANG_WARN_OBJC_ROOT_CLASS = YES_ERROR;
				CLANG_WARN_QUOTED_INCLUDE_IN_FRAMEWORK_HEADER = YES;
				CLANG_WARN_RANGE_LOOP_ANALYSIS = YES;
				CLANG_WARN_STRICT_PROTOTYPES = YES;
				CLANG_WARN_SUSPICIOUS_MOVE = YES;
				CLANG_WARN_UNGUARDED_AVAILABILITY = YES_AGGRESSIVE;
				CLANG_WARN_UNREACHABLE_CODE = YES;
				CLANG_WARN__DUPLICATE_METHOD_MATCH = YES;
				COPY_PHASE_STRIP = NO;
				DEBUG_INFORMATION_FORMAT = "dwarf-with-dsym";
				ENABLE_NS_ASSERTIONS = NO;
				ENABLE_STRICT_OBJC_MSGSEND = YES;
				ENABLE_USER_SCRIPT_SANDBOXING = YES;
				GCC_C_LANGUAGE_STANDARD = gnu17;
				GCC_NO_COMMON_BLOCKS = YES;
				GCC_WARN_64_TO_32_BIT_CONVERSION = YES;
				GCC_WARN_ABOUT_RETURN_TYPE = YES_ERROR;
				GCC_WARN_UNDECLARED_SELECTOR = YES;
				GCC_WARN_UNINITIALIZED_AUTOS = YES_AGGRESSIVE;
				GCC_WARN_UNUSED_FUNCTION = YES;
				GCC_WARN_UNUSED_VARIABLE = YES;
				IPHONEOS_DEPLOYMENT_TARGET = 17.2;
				LOCALIZATION_PREFERS_STRING_CATALOGS = YES;
				MTL_ENABLE_DEBUG_INFO = NO;
				MTL_FAST_MATH = YES;
				SDKROOT = iphoneos;
				SWIFT_COMPILATION_MODE = wholemodule;
				VALIDATE_PRODUCT = YES;
			};
			name = Release;
		};
		123959852B4BD96B00B48AF3 /* Debug */ = {
			isa = XCBuildConfiguration;
			buildSettings = {
				ASSETCATALOG_COMPILER_APPICON_NAME = AppIcon;
				ASSETCATALOG_COMPILER_GLOBAL_ACCENT_COLOR_NAME = AccentColor;
				CODE_SIGN_STYLE = Automatic;
				CURRENT_PROJECT_VERSION = 1;
				DEVELOPMENT_ASSET_PATHS = "\"Nourri_iOS/Preview Content\"";
				DEVELOPMENT_TEAM = 82FNT5YCSV;
				ENABLE_PREVIEWS = YES;
				GENERATE_INFOPLIST_FILE = YES;
				INFOPLIST_FILE = "Nourri-iOS-Info.plist";
				INFOPLIST_KEY_CFBundleDisplayName = Nourri;
				INFOPLIST_KEY_UIApplicationSceneManifest_Generation = YES;
				INFOPLIST_KEY_UIApplicationSupportsIndirectInputEvents = YES;
				INFOPLIST_KEY_UILaunchScreen_Generation = YES;
				INFOPLIST_KEY_UISupportedInterfaceOrientations_iPad = "UIInterfaceOrientationPortrait UIInterfaceOrientationPortraitUpsideDown UIInterfaceOrientationLandscapeLeft UIInterfaceOrientationLandscapeRight";
				INFOPLIST_KEY_UISupportedInterfaceOrientations_iPhone = "UIInterfaceOrientationPortrait UIInterfaceOrientationLandscapeLeft UIInterfaceOrientationLandscapeRight";
				LD_RUNPATH_SEARCH_PATHS = (
					"$(inherited)",
					"@executable_path/Frameworks",
				);
				MARKETING_VERSION = 1.0;
				PRODUCT_BUNDLE_IDENTIFIER = "nucizz.Nourri-iOS";
				PRODUCT_NAME = "$(TARGET_NAME)";
				SWIFT_EMIT_LOC_STRINGS = YES;
				SWIFT_VERSION = 5.0;
				TARGETED_DEVICE_FAMILY = "1,2";
			};
			name = Debug;
		};
		123959862B4BD96B00B48AF3 /* Release */ = {
			isa = XCBuildConfiguration;
			buildSettings = {
				ASSETCATALOG_COMPILER_APPICON_NAME = AppIcon;
				ASSETCATALOG_COMPILER_GLOBAL_ACCENT_COLOR_NAME = AccentColor;
				CODE_SIGN_STYLE = Automatic;
				CURRENT_PROJECT_VERSION = 1;
				DEVELOPMENT_ASSET_PATHS = "\"Nourri_iOS/Preview Content\"";
				DEVELOPMENT_TEAM = 82FNT5YCSV;
				ENABLE_PREVIEWS = YES;
				GENERATE_INFOPLIST_FILE = YES;
				INFOPLIST_FILE = "Nourri-iOS-Info.plist";
				INFOPLIST_KEY_CFBundleDisplayName = Nourri;
				INFOPLIST_KEY_UIApplicationSceneManifest_Generation = YES;
				INFOPLIST_KEY_UIApplicationSupportsIndirectInputEvents = YES;
				INFOPLIST_KEY_UILaunchScreen_Generation = YES;
				INFOPLIST_KEY_UISupportedInterfaceOrientations_iPad = "UIInterfaceOrientationPortrait UIInterfaceOrientationPortraitUpsideDown UIInterfaceOrientationLandscapeLeft UIInterfaceOrientationLandscapeRight";
				INFOPLIST_KEY_UISupportedInterfaceOrientations_iPhone = "UIInterfaceOrientationPortrait UIInterfaceOrientationLandscapeLeft UIInterfaceOrientationLandscapeRight";
				LD_RUNPATH_SEARCH_PATHS = (
					"$(inherited)",
					"@executable_path/Frameworks",
				);
				MARKETING_VERSION = 1.0;
				PRODUCT_BUNDLE_IDENTIFIER = "nucizz.Nourri-iOS";
				PRODUCT_NAME = "$(TARGET_NAME)";
				SWIFT_EMIT_LOC_STRINGS = YES;
				SWIFT_VERSION = 5.0;
				TARGETED_DEVICE_FAMILY = "1,2";
			};
			name = Release;
		};
		123959882B4BD96B00B48AF3 /* Debug */ = {
			isa = XCBuildConfiguration;
			buildSettings = {
				ALWAYS_EMBED_SWIFT_STANDARD_LIBRARIES = YES;
				BUNDLE_LOADER = "$(TEST_HOST)";
				CODE_SIGN_STYLE = Automatic;
				CURRENT_PROJECT_VERSION = 1;
				DEVELOPMENT_TEAM = 82FNT5YCSV;
				GENERATE_INFOPLIST_FILE = YES;
				IPHONEOS_DEPLOYMENT_TARGET = 17.2;
				MARKETING_VERSION = 1.0;
				PRODUCT_BUNDLE_IDENTIFIER = "nucizz.Nourri-iOSTests";
				PRODUCT_NAME = "$(TARGET_NAME)";
				SWIFT_EMIT_LOC_STRINGS = NO;
				SWIFT_VERSION = 5.0;
				TARGETED_DEVICE_FAMILY = "1,2";
				TEST_HOST = "$(BUILT_PRODUCTS_DIR)/Nourri_iOS.app/$(BUNDLE_EXECUTABLE_FOLDER_PATH)/Nourri_iOS";
			};
			name = Debug;
		};
		123959892B4BD96B00B48AF3 /* Release */ = {
			isa = XCBuildConfiguration;
			buildSettings = {
				ALWAYS_EMBED_SWIFT_STANDARD_LIBRARIES = YES;
				BUNDLE_LOADER = "$(TEST_HOST)";
				CODE_SIGN_STYLE = Automatic;
				CURRENT_PROJECT_VERSION = 1;
				DEVELOPMENT_TEAM = 82FNT5YCSV;
				GENERATE_INFOPLIST_FILE = YES;
				IPHONEOS_DEPLOYMENT_TARGET = 17.2;
				MARKETING_VERSION = 1.0;
				PRODUCT_BUNDLE_IDENTIFIER = "nucizz.Nourri-iOSTests";
				PRODUCT_NAME = "$(TARGET_NAME)";
				SWIFT_EMIT_LOC_STRINGS = NO;
				SWIFT_VERSION = 5.0;
				TARGETED_DEVICE_FAMILY = "1,2";
				TEST_HOST = "$(BUILT_PRODUCTS_DIR)/Nourri_iOS.app/$(BUNDLE_EXECUTABLE_FOLDER_PATH)/Nourri_iOS";
			};
			name = Release;
		};
		1239598B2B4BD96B00B48AF3 /* Debug */ = {
			isa = XCBuildConfiguration;
			buildSettings = {
				ALWAYS_EMBED_SWIFT_STANDARD_LIBRARIES = YES;
				CODE_SIGN_STYLE = Automatic;
				CURRENT_PROJECT_VERSION = 1;
				DEVELOPMENT_TEAM = 82FNT5YCSV;
				GENERATE_INFOPLIST_FILE = YES;
				MARKETING_VERSION = 1.0;
				PRODUCT_BUNDLE_IDENTIFIER = "nucizz.Nourri-iOSUITests";
				PRODUCT_NAME = "$(TARGET_NAME)";
				SWIFT_EMIT_LOC_STRINGS = NO;
				SWIFT_VERSION = 5.0;
				TARGETED_DEVICE_FAMILY = "1,2";
				TEST_TARGET_NAME = Nourri_iOS;
			};
			name = Debug;
		};
		1239598C2B4BD96B00B48AF3 /* Release */ = {
			isa = XCBuildConfiguration;
			buildSettings = {
				ALWAYS_EMBED_SWIFT_STANDARD_LIBRARIES = YES;
				CODE_SIGN_STYLE = Automatic;
				CURRENT_PROJECT_VERSION = 1;
				DEVELOPMENT_TEAM = 82FNT5YCSV;
				GENERATE_INFOPLIST_FILE = YES;
				MARKETING_VERSION = 1.0;
				PRODUCT_BUNDLE_IDENTIFIER = "nucizz.Nourri-iOSUITests";
				PRODUCT_NAME = "$(TARGET_NAME)";
				SWIFT_EMIT_LOC_STRINGS = NO;
				SWIFT_VERSION = 5.0;
				TARGETED_DEVICE_FAMILY = "1,2";
				TEST_TARGET_NAME = Nourri_iOS;
			};
			name = Release;
		};
/* End XCBuildConfiguration section */

/* Begin XCConfigurationList section */
		1239595B2B4BD96900B48AF3 /* Build configuration list for PBXProject "Nourri_iOS" */ = {
			isa = XCConfigurationList;
			buildConfigurations = (
				123959822B4BD96B00B48AF3 /* Debug */,
				123959832B4BD96B00B48AF3 /* Release */,
			);
			defaultConfigurationIsVisible = 0;
			defaultConfigurationName = Release;
		};
		123959842B4BD96B00B48AF3 /* Build configuration list for PBXNativeTarget "Nourri_iOS" */ = {
			isa = XCConfigurationList;
			buildConfigurations = (
				123959852B4BD96B00B48AF3 /* Debug */,
				123959862B4BD96B00B48AF3 /* Release */,
			);
			defaultConfigurationIsVisible = 0;
			defaultConfigurationName = Release;
		};
		123959872B4BD96B00B48AF3 /* Build configuration list for PBXNativeTarget "Nourri_iOSTests" */ = {
			isa = XCConfigurationList;
			buildConfigurations = (
				123959882B4BD96B00B48AF3 /* Debug */,
				123959892B4BD96B00B48AF3 /* Release */,
			);
			defaultConfigurationIsVisible = 0;
			defaultConfigurationName = Release;
		};
		1239598A2B4BD96B00B48AF3 /* Build configuration list for PBXNativeTarget "Nourri_iOSUITests" */ = {
			isa = XCConfigurationList;
			buildConfigurations = (
				1239598B2B4BD96B00B48AF3 /* Debug */,
				1239598C2B4BD96B00B48AF3 /* Release */,
			);
			defaultConfigurationIsVisible = 0;
			defaultConfigurationName = Release;
		};
/* End XCConfigurationList section */
	};
	rootObject = 123959582B4BD96900B48AF3 /* Project object */;
}
